
Microsoft Visual Studio Solution File, Format Version 12.00
# Visual Studio Version 17
VisualStudioVersion = 17.0.31903.59
MinimumVisualStudioVersion = 10.0.40219.1
Project("{9A19103F-16F7-4668-BE54-9A1E7A4F7556}") = "TraineeProject", "TraineeProject\TraineeProject.csproj", "{13E2B209-29B0-4063-9D3E-9C36D7B853EF}"
EndProject
Project("{00D1A9C2-B5F0-4AF3-8072-F6C62B433612}") = "TraineeProject.Data", "TraineeProject.Data\TraineeProject.Data.sqlproj", "{5943CE10-D6ED-4CD3-A984-49F13D9E0AD0}"
EndProject
Project("{FAE04EC0-301F-11D3-BF4B-00C04F79EFBC}") = "TraineeProject.Tests.Integration", "TraineeProject.Tests.Integration\TraineeProject.Tests.Integration.csproj", "{32ED2212-69C8-4977-AA7A-C7EDAFF49269}"
EndProject
Global
	GlobalSection(SolutionConfigurationPlatforms) = preSolution
		Debug|Any CPU = Debug|Any CPU
		Release|Any CPU = Release|Any CPU
	EndGlobalSection
	GlobalSection(ProjectConfigurationPlatforms) = postSolution
		{13E2B209-29B0-4063-9D3E-9C36D7B853EF}.Debug|Any CPU.ActiveCfg = Debug|Any CPU
		{13E2B209-29B0-4063-9D3E-9C36D7B853EF}.Debug|Any CPU.Build.0 = Debug|Any CPU
		{13E2B209-29B0-4063-9D3E-9C36D7B853EF}.Release|Any CPU.ActiveCfg = Release|Any CPU
		{13E2B209-29B0-4063-9D3E-9C36D7B853EF}.Release|Any CPU.Build.0 = Release|Any CPU
		{5943CE10-D6ED-4CD3-A984-49F13D9E0AD0}.Debug|Any CPU.ActiveCfg = Debug|Any CPU
		{5943CE10-D6ED-4CD3-A984-49F13D9E0AD0}.Debug|Any CPU.Build.0 = Debug|Any CPU
		{5943CE10-D6ED-4CD3-A984-49F13D9E0AD0}.Debug|Any CPU.Deploy.0 = Debug|Any CPU
		{5943CE10-D6ED-4CD3-A984-49F13D9E0AD0}.Release|Any CPU.ActiveCfg = Release|Any CPU
		{5943CE10-D6ED-4CD3-A984-49F13D9E0AD0}.Release|Any CPU.Build.0 = Release|Any CPU
		{5943CE10-D6ED-4CD3-A984-49F13D9E0AD0}.Release|Any CPU.Deploy.0 = Release|Any CPU
		{32ED2212-69C8-4977-AA7A-C7EDAFF49269}.Debug|Any CPU.ActiveCfg = Debug|Any CPU
		{32ED2212-69C8-4977-AA7A-C7EDAFF49269}.Debug|Any CPU.Build.0 = Debug|Any CPU
		{32ED2212-69C8-4977-AA7A-C7EDAFF49269}.Release|Any CPU.ActiveCfg = Release|Any CPU
		{32ED2212-69C8-4977-AA7A-C7EDAFF49269}.Release|Any CPU.Build.0 = Release|Any CPU
	EndGlobalSection
	GlobalSection(SolutionProperties) = preSolution
		HideSolutionNode = FALSE
	EndGlobalSection
	GlobalSection(ExtensibilityGlobals) = postSolution
		SolutionGuid = {24A60965-4A1D-4C33-AA43-956E89FC711E}
	EndGlobalSection
EndGlobal
